
Microsoft Visual Studio Solution File, Format Version 12.00
# Visual Studio 15
VisualStudioVersion = 15.0.28307.705
MinimumVisualStudioVersion = 10.0.40219.1
Project("{FAE04EC0-301F-11D3-BF4B-00C04F79EFBC}") = "aula6", "aula6\aula6.csproj", "{AE0C0FEE-B686-4111-AD39-9849E4C0F76E}"
EndProject
Global
	GlobalSection(SolutionConfigurationPlatforms) = preSolution
		Debug|Any CPU = Debug|Any CPU
		Release|Any CPU = Release|Any CPU
	EndGlobalSection
	GlobalSection(ProjectConfigurationPlatforms) = postSolution
		{AE0C0FEE-B686-4111-AD39-9849E4C0F76E}.Debug|Any CPU.ActiveCfg = Debug|Any CPU
		{AE0C0FEE-B686-4111-AD39-9849E4C0F76E}.Debug|Any CPU.Build.0 = Debug|Any CPU
		{AE0C0FEE-B686-4111-AD39-9849E4C0F76E}.Release|Any CPU.ActiveCfg = Release|Any CPU
		{AE0C0FEE-B686-4111-AD39-9849E4C0F76E}.Release|Any CPU.Build.0 = Release|Any CPU
	EndGlobalSection
	GlobalSection(SolutionProperties) = preSolution
		HideSolutionNode = FALSE
	EndGlobalSection
	GlobalSection(ExtensibilityGlobals) = postSolution
		SolutionGuid = {1298EA33-A029-44D7-84F5-EFF23DF56BF1}
	EndGlobalSection
EndGlobal
