
Microsoft Visual Studio Solution File, Format Version 12.00
# Visual Studio 15
VisualStudioVersion = 15.0.28307.705
MinimumVisualStudioVersion = 10.0.40219.1
Project("{FAE04EC0-301F-11D3-BF4B-00C04F79EFBC}") = "Aula5", "Aula5\Aula5.csproj", "{B3C0B615-C359-4D62-B3C4-C8CAB2F74719}"
EndProject
Global
	GlobalSection(SolutionConfigurationPlatforms) = preSolution
		Debug|Any CPU = Debug|Any CPU
		Release|Any CPU = Release|Any CPU
	EndGlobalSection
	GlobalSection(ProjectConfigurationPlatforms) = postSolution
		{B3C0B615-C359-4D62-B3C4-C8CAB2F74719}.Debug|Any CPU.ActiveCfg = Debug|Any CPU
		{B3C0B615-C359-4D62-B3C4-C8CAB2F74719}.Debug|Any CPU.Build.0 = Debug|Any CPU
		{B3C0B615-C359-4D62-B3C4-C8CAB2F74719}.Release|Any CPU.ActiveCfg = Release|Any CPU
		{B3C0B615-C359-4D62-B3C4-C8CAB2F74719}.Release|Any CPU.Build.0 = Release|Any CPU
	EndGlobalSection
	GlobalSection(SolutionProperties) = preSolution
		HideSolutionNode = FALSE
	EndGlobalSection
	GlobalSection(ExtensibilityGlobals) = postSolution
		SolutionGuid = {E2655124-24F9-4AA4-AF2F-F24A802FAD08}
	EndGlobalSection
EndGlobal
